
Microsoft Visual Studio Solution File, Format Version 12.00
# Visual Studio Version 16
VisualStudioVersion = 16.0.32802.440
MinimumVisualStudioVersion = 10.0.40219.1
Project("{FAE04EC0-301F-11D3-BF4B-00C04F79EFBC}") = "homework2", "homework2\homework2.csproj", "{AAF28B29-13F7-4CDE-B255-449213997DAD}"
EndProject
Global
	GlobalSection(SolutionConfigurationPlatforms) = preSolution
		Debug|Any CPU = Debug|Any CPU
		Release|Any CPU = Release|Any CPU
	EndGlobalSection
	GlobalSection(ProjectConfigurationPlatforms) = postSolution
		{AAF28B29-13F7-4CDE-B255-449213997DAD}.Debug|Any CPU.ActiveCfg = Debug|Any CPU
		{AAF28B29-13F7-4CDE-B255-449213997DAD}.Debug|Any CPU.Build.0 = Debug|Any CPU
		{AAF28B29-13F7-4CDE-B255-449213997DAD}.Release|Any CPU.ActiveCfg = Release|Any CPU
		{AAF28B29-13F7-4CDE-B255-449213997DAD}.Release|Any CPU.Build.0 = Release|Any CPU
	EndGlobalSection
	GlobalSection(SolutionProperties) = preSolution
		HideSolutionNode = FALSE
	EndGlobalSection
	GlobalSection(ExtensibilityGlobals) = postSolution
		SolutionGuid = {5155EB5D-D065-4DAC-9C92-7B8BF2CCF3A6}
	EndGlobalSection
EndGlobal
